Microsoft Visual Studio Solution File, Format Version 12.00
# Visual Studio Version 17
VisualStudioVersion = 17.5.2.0
MinimumVisualStudioVersion = 10.0.40219.1
Project("{FAE04EC0-301F-11D3-BF4B-00C04F79EFBC}") = "RemandMe", "RemandMe.csproj", "{51E906A8-96AB-5159-D541-36101392E931}"
EndProject
Global
	GlobalSection(SolutionConfigurationPlatforms) = preSolution
		Debug|Any CPU = Debug|Any CPU
		Release|Any CPU = Release|Any CPU
	EndGlobalSection
	GlobalSection(ProjectConfigurationPlatforms) = postSolution
		{51E906A8-96AB-5159-D541-36101392E931}.Debug|Any CPU.ActiveCfg = Debug|Any CPU
		{51E906A8-96AB-5159-D541-36101392E931}.Debug|Any CPU.Build.0 = Debug|Any CPU
		{51E906A8-96AB-5159-D541-36101392E931}.Release|Any CPU.ActiveCfg = Release|Any CPU
		{51E906A8-96AB-5159-D541-36101392E931}.Release|Any CPU.Build.0 = Release|Any CPU
	EndGlobalSection
	GlobalSection(SolutionProperties) = preSolution
		HideSolutionNode = FALSE
	EndGlobalSection
	GlobalSection(ExtensibilityGlobals) = postSolution
		SolutionGuid = {885E70AA-1A6A-44BF-A290-B9D9063593DA}
	EndGlobalSection
EndGlobal
